// !$*UTF8*$!
{
	archiveVersion = 1;
	classes = {
	};
	objectVersion = 46;
	objects = {

/* Begin PBXBuildFile section */
		DC7AEE0E1F2F3876009BA72E /* AppDelegate.swift in Sources */ = {isa = PBXBuildFile; fileRef = DC7AEE0D1F2F3876009BA72E /* AppDelegate.swift */; };
		DC7AEE101F2F3877009BA72E /* ViewController.swift in Sources */ = {isa = PBXBuildFile; fileRef = DC7AEE0F1F2F3877009BA72E /* ViewController.swift */; };
		DC7AEE131F2F3877009BA72E /* Main.storyboard in Resources */ = {isa = PBXBuildFile; fileRef = DC7AEE111F2F3877009BA72E /* Main.storyboard */; };
		DC7AEE181F2F3877009BA72E /* Assets.xcassets in Resources */ = {isa = PBXBuildFile; fileRef = DC7AEE171F2F3877009BA72E /* Assets.xcassets */; };
		DC7AEE1B1F2F3877009BA72E /* LaunchScreen.storyboard in Resources */ = {isa = PBXBuildFile; fileRef = DC7AEE191F2F3877009BA72E /* LaunchScreen.storyboard */; };
		DC7AEE261F2F3877009BA72E /* SampleAppTests.swift in Sources */ = {isa = PBXBuildFile; fileRef = DC7AEE251F2F3877009BA72E /* SampleAppTests.swift */; };
		DC7AEE311F2F3877009BA72E /* SampleAppUITests.swift in Sources */ = {isa = PBXBuildFile; fileRef = DC7AEE301F2F3877009BA72E /* SampleAppUITests.swift */; };
		DC7AEE451F2F3A31009BA72E /* CYCardEntryView.m in Sources */ = {isa = PBXBuildFile; fileRef = DC7AEE441F2F3A30009BA72E /* CYCardEntryView.m */; };
/* End PBXBuildFile section */

/* Begin PBXContainerItemProxy section */
		DC7AEE221F2F3877009BA72E /* PBXContainerItemProxy */ = {
			isa = PBXContainerItemProxy;
			containerPortal = DC7AEE021F2F3876009BA72E /* Project object */;
			proxyType = 1;
			remoteGlobalIDString = DC7AEE091F2F3876009BA72E;
			remoteInfo = SampleApp;
		};
		DC7AEE2D1F2F3877009BA72E /* PBXContainerItemProxy */ = {
			isa = PBXContainerItemProxy;
			containerPortal = DC7AEE021F2F3876009BA72E /* Project object */;
			proxyType = 1;
			remoteGlobalIDString = DC7AEE091F2F3876009BA72E;
			remoteInfo = SampleApp;
		};
/* End PBXContainerItemProxy section */

/* Begin PBXFileReference section */
		DC7AEE0A1F2F3876009BA72E /* SampleApp.app */ = {isa = PBXFileReference; explicitFileType = wrapper.application; includeInIndex = 0; path = SampleApp.app; sourceTree = BUILT_PRODUCTS_DIR; };
		DC7AEE0D1F2F3876009BA72E /* AppDelegate.swift */ = {isa = PBXFileReference; lastKnownFileType = sourcecode.swift; path = AppDelegate.swift; sourceTree = "<group>"; };
		DC7AEE0F1F2F3877009BA72E /* ViewController.swift */ = {isa = PBXFileReference; lastKnownFileType = sourcecode.swift; path = ViewController.swift; sourceTree = "<group>"; };
		DC7AEE121F2F3877009BA72E /* Base */ = {isa = PBXFileReference; lastKnownFileType = file.storyboard; name = Base; path = Base.lproj/Main.storyboard; sourceTree = "<group>"; };
		DC7AEE171F2F3877009BA72E /* Assets.xcassets */ = {isa = PBXFileReference; lastKnownFileType = folder.assetcatalog; path = Assets.xcassets; sourceTree = "<group>"; };
		DC7AEE1A1F2F3877009BA72E /* Base */ = {isa = PBXFileReference; lastKnownFileType = file.storyboard; name = Base; path = Base.lproj/LaunchScreen.storyboard; sourceTree = "<group>"; };
		DC7AEE1C1F2F3877009BA72E /* Info.plist */ = {isa = PBXFileReference; lastKnownFileType = text.plist.xml; path = Info.plist; sourceTree = "<group>"; };
		DC7AEE211F2F3877009BA72E /* SampleAppTests.xctest */ = {isa = PBXFileReference; explicitFileType = wrapper.cfbundle; includeInIndex = 0; path = SampleAppTests.xctest; sourceTree = BUILT_PRODUCTS_DIR; };
		DC7AEE251F2F3877009BA72E /* SampleAppTests.swift */ = {isa = PBXFileReference; lastKnownFileType = sourcecode.swift; path = SampleAppTests.swift; sourceTree = "<group>"; };
		DC7AEE271F2F3877009BA72E /* Info.plist */ = {isa = PBXFileReference; lastKnownFileType = text.plist.xml; path = Info.plist; sourceTree = "<group>"; };
		DC7AEE2C1F2F3877009BA72E /* SampleAppUITests.xctest */ = {isa = PBXFileReference; explicitFileType = wrapper.cfbundle; includeInIndex = 0; path = SampleAppUITests.xctest; sourceTree = BUILT_PRODUCTS_DIR; };
		DC7AEE301F2F3877009BA72E /* SampleAppUITests.swift */ = {isa = PBXFileReference; lastKnownFileType = sourcecode.swift; path = SampleAppUITests.swift; sourceTree = "<group>"; };
		DC7AEE321F2F3877009BA72E /* Info.plist */ = {isa = PBXFileReference; lastKnownFileType = text.plist.xml; path = Info.plist; sourceTree = "<group>"; };
		DC7AEE3F1F2F39D4009BA72E /* SampleApp-Bridging-Header.h */ = {isa = PBXFileReference; lastKnownFileType = sourcecode.c.h; path = "SampleApp-Bridging-Header.h"; sourceTree = "<group>"; };
		DC7AEE431F2F3A30009BA72E /* CYCardEntryView.h */ = {isa = PBXFileReference; fileEncoding = 4; lastKnownFileType = sourcecode.c.h; name = CYCardEntryView.h; path = ../../CYCardEntryView.h; sourceTree = "<group>"; };
		DC7AEE441F2F3A30009BA72E /* CYCardEntryView.m */ = {isa = PBXFileReference; fileEncoding = 4; lastKnownFileType = sourcecode.c.objc; name = CYCardEntryView.m; path = ../../CYCardEntryView.m; sourceTree = "<group>"; };
/* End PBXFileReference section */

/* Begin PBXFrameworksBuildPhase section */
		DC7AEE071F2F3876009BA72E /* Frameworks */ = {
			isa = PBXFrameworksBuildPhase;
			buildActionMask = 2147483647;
			files = (
			);
			runOnlyForDeploymentPostprocessing = 0;
		};
		DC7AEE1E1F2F3877009BA72E /* Frameworks */ = {
			isa = PBXFrameworksBuildPhase;
			buildActionMask = 2147483647;
			files = (
			);
			runOnlyForDeploymentPostprocessing = 0;
		};
		DC7AEE291F2F3877009BA72E /* Frameworks */ = {
			isa = PBXFrameworksBuildPhase;
			buildActionMask = 2147483647;
			files = (
			);
			runOnlyForDeploymentPostprocessing = 0;
		};
/* End PBXFrameworksBuildPhase section */

/* Begin PBXGroup section */
		DC7AEE011F2F3876009BA72E = {
			isa = PBXGroup;
			children = (
				DC7AEE0C1F2F3876009BA72E /* SampleApp */,
				DC7AEE241F2F3877009BA72E /* SampleAppTests */,
				DC7AEE2F1F2F3877009BA72E /* SampleAppUITests */,
				DC7AEE0B1F2F3876009BA72E /* Products */,
			);
			sourceTree = "<group>";
		};
		DC7AEE0B1F2F3876009BA72E /* Products */ = {
			isa = PBXGroup;
			children = (
				DC7AEE0A1F2F3876009BA72E /* SampleApp.app */,
				DC7AEE211F2F3877009BA72E /* SampleAppTests.xctest */,
				DC7AEE2C1F2F3877009BA72E /* SampleAppUITests.xctest */,
			);
			name = Products;
			sourceTree = "<group>";
		};
		DC7AEE0C1F2F3876009BA72E /* SampleApp */ = {
			isa = PBXGroup;
			children = (
				DC7AEE0D1F2F3876009BA72E /* AppDelegate.swift */,
				DC7AEE0F1F2F3877009BA72E /* ViewController.swift */,
				DC7AEE111F2F3877009BA72E /* Main.storyboard */,
				DC7AEE171F2F3877009BA72E /* Assets.xcassets */,
				DC7AEE191F2F3877009BA72E /* LaunchScreen.storyboard */,
				DC7AEE1C1F2F3877009BA72E /* Info.plist */,
				DC7AEE3E1F2F39C1009BA72E /* Card Entry View */,
			);
			path = SampleApp;
			sourceTree = "<group>";
		};
		DC7AEE241F2F3877009BA72E /* SampleAppTests */ = {
			isa = PBXGroup;
			children = (
				DC7AEE251F2F3877009BA72E /* SampleAppTests.swift */,
				DC7AEE271F2F3877009BA72E /* Info.plist */,
			);
			path = SampleAppTests;
			sourceTree = "<group>";
		};
		DC7AEE2F1F2F3877009BA72E /* SampleAppUITests */ = {
			isa = PBXGroup;
			children = (
				DC7AEE301F2F3877009BA72E /* SampleAppUITests.swift */,
				DC7AEE321F2F3877009BA72E /* Info.plist */,
			);
			path = SampleAppUITests;
			sourceTree = "<group>";
		};
		DC7AEE3E1F2F39C1009BA72E /* Card Entry View */ = {
			isa = PBXGroup;
			children = (
				DC7AEE431F2F3A30009BA72E /* CYCardEntryView.h */,
				DC7AEE441F2F3A30009BA72E /* CYCardEntryView.m */,
				DC7AEE3F1F2F39D4009BA72E /* SampleApp-Bridging-Header.h */,
			);
			name = "Card Entry View";
			sourceTree = "<group>";
		};
/* End PBXGroup section */

/* Begin PBXNativeTarget section */
		DC7AEE091F2F3876009BA72E /* SampleApp */ = {
			isa = PBXNativeTarget;
			buildConfigurationList = DC7AEE351F2F3877009BA72E /* Build configuration list for PBXNativeTarget "SampleApp" */;
			buildPhases = (
				DC7AEE061F2F3876009BA72E /* Sources */,
				DC7AEE071F2F3876009BA72E /* Frameworks */,
				DC7AEE081F2F3876009BA72E /* Resources */,
			);
			buildRules = (
			);
			dependencies = (
			);
			name = SampleApp;
			productName = SampleApp;
			productReference = DC7AEE0A1F2F3876009BA72E /* SampleApp.app */;
			productType = "com.apple.product-type.application";
		};
		DC7AEE201F2F3877009BA72E /* SampleAppTests */ = {
			isa = PBXNativeTarget;
			buildConfigurationList = DC7AEE381F2F3877009BA72E /* Build configuration list for PBXNativeTarget "SampleAppTests" */;
			buildPhases = (
				DC7AEE1D1F2F3877009BA72E /* Sources */,
				DC7AEE1E1F2F3877009BA72E /* Frameworks */,
				DC7AEE1F1F2F3877009BA72E /* Resources */,
			);
			buildRules = (
			);
			dependencies = (
				DC7AEE231F2F3877009BA72E /* PBXTargetDependency */,
			);
			name = SampleAppTests;
			productName = SampleAppTests;
			productReference = DC7AEE211F2F3877009BA72E /* SampleAppTests.xctest */;
			productType = "com.apple.product-type.bundle.unit-test";
		};
		DC7AEE2B1F2F3877009BA72E /* SampleAppUITests */ = {
			isa = PBXNativeTarget;
			buildConfigurationList = DC7AEE3B1F2F3877009BA72E /* Build configuration list for PBXNativeTarget "SampleAppUITests" */;
			buildPhases = (
				DC7AEE281F2F3877009BA72E /* Sources */,
				DC7AEE291F2F3877009BA72E /* Frameworks */,
				DC7AEE2A1F2F3877009BA72E /* Resources */,
			);
			buildRules = (
			);
			dependencies = (
				DC7AEE2E1F2F3877009BA72E /* PBXTargetDependency */,
			);
			name = SampleAppUITests;
			productName = SampleAppUITests;
			productReference = DC7AEE2C1F2F3877009BA72E /* SampleAppUITests.xctest */;
			productType = "com.apple.product-type.bundle.ui-testing";
		};
/* End PBXNativeTarget section */

/* Begin PBXProject section */
		DC7AEE021F2F3876009BA72E /* Project object */ = {
			isa = PBXProject;
			attributes = {
				LastSwiftUpdateCheck = 0830;
				LastUpgradeCheck = 0830;
				ORGANIZATIONNAME = Coiney;
				TargetAttributes = {
					DC7AEE091F2F3876009BA72E = {
						CreatedOnToolsVersion = 8.3.3;
						LastSwiftMigration = 0830;
						ProvisioningStyle = Automatic;
					};
					DC7AEE201F2F3877009BA72E = {
						CreatedOnToolsVersion = 8.3.3;
						ProvisioningStyle = Automatic;
						TestTargetID = DC7AEE091F2F3876009BA72E;
					};
					DC7AEE2B1F2F3877009BA72E = {
						CreatedOnToolsVersion = 8.3.3;
						ProvisioningStyle = Automatic;
						TestTargetID = DC7AEE091F2F3876009BA72E;
					};
				};
			};
			buildConfigurationList = DC7AEE051F2F3876009BA72E /* Build configuration list for PBXProject "SampleApp" */;
			compatibilityVersion = "Xcode 3.2";
			developmentRegion = English;
			hasScannedForEncodings = 0;
			knownRegions = (
				en,
				Base,
			);
			mainGroup = DC7AEE011F2F3876009BA72E;
			productRefGroup = DC7AEE0B1F2F3876009BA72E /* Products */;
			projectDirPath = "";
			projectRoot = "";
			targets = (
				DC7AEE091F2F3876009BA72E /* SampleApp */,
				DC7AEE201F2F3877009BA72E /* SampleAppTests */,
				DC7AEE2B1F2F3877009BA72E /* SampleAppUITests */,
			);
		};
/* End PBXProject section */

/* Begin PBXResourcesBuildPhase section */
		DC7AEE081F2F3876009BA72E /* Resources */ = {
			isa = PBXResourcesBuildPhase;
			buildActionMask = 2147483647;
			files = (
				DC7AEE1B1F2F3877009BA72E /* LaunchScreen.storyboard in Resources */,
				DC7AEE181F2F3877009BA72E /* Assets.xcassets in Resources */,
				DC7AEE131F2F3877009BA72E /* Main.storyboard in Resources */,
			);
			runOnlyForDeploymentPostprocessing = 0;
		};
		DC7AEE1F1F2F3877009BA72E /* Resources */ = {
			isa = PBXResourcesBuildPhase;
			buildActionMask = 2147483647;
			files = (
			);
			runOnlyForDeploymentPostprocessing = 0;
		};
		DC7AEE2A1F2F3877009BA72E /* Resources */ = {
			isa = PBXResourcesBuildPhase;
			buildActionMask = 2147483647;
			files = (
			);
			runOnlyForDeploymentPostprocessing = 0;
		};
/* End PBXResourcesBuildPhase section */

/* Begin PBXSourcesBuildPhase section */
		DC7AEE061F2F3876009BA72E /* Sources */ = {
			isa = PBXSourcesBuildPhase;
			buildActionMask = 2147483647;
			files = (
				DC7AEE101F2F3877009BA72E /* ViewController.swift in Sources */,
				DC7AEE0E1F2F3876009BA72E /* AppDelegate.swift in Sources */,
				DC7AEE451F2F3A31009BA72E /* CYCardEntryView.m in Sources */,
			);
			runOnlyForDeploymentPostprocessing = 0;
		};
		DC7AEE1D1F2F3877009BA72E /* Sources */ = {
			isa = PBXSourcesBuildPhase;
			buildActionMask = 2147483647;
			files = (
				DC7AEE261F2F3877009BA72E /* SampleAppTests.swift in Sources */,
			);
			runOnlyForDeploymentPostprocessing = 0;
		};
		DC7AEE281F2F3877009BA72E /* Sources */ = {
			isa = PBXSourcesBuildPhase;
			buildActionMask = 2147483647;
			files = (
				DC7AEE311F2F3877009BA72E /* SampleAppUITests.swift in Sources */,
			);
			runOnlyForDeploymentPostprocessing = 0;
		};
/* End PBXSourcesBuildPhase section */

/* Begin PBXTargetDependency section */
		DC7AEE231F2F3877009BA72E /* PBXTargetDependency */ = {
			isa = PBXTargetDependency;
			target = DC7AEE091F2F3876009BA72E /* SampleApp */;
			targetProxy = DC7AEE221F2F3877009BA72E /* PBXContainerItemProxy */;
		};
		DC7AEE2E1F2F3877009BA72E /* PBXTargetDependency */ = {
			isa = PBXTargetDependency;
			target = DC7AEE091F2F3876009BA72E /* SampleApp */;
			targetProxy = DC7AEE2D1F2F3877009BA72E /* PBXContainerItemProxy */;
		};
/* End PBXTargetDependency section */

/* Begin PBXVariantGroup section */
		DC7AEE111F2F3877009BA72E /* Main.storyboard */ = {
			isa = PBXVariantGroup;
			children = (
				DC7AEE121F2F3877009BA72E /* Base */,
			);
			name = Main.storyboard;
			sourceTree = "<group>";
		};
		DC7AEE191F2F3877009BA72E /* LaunchScreen.storyboard */ = {
			isa = PBXVariantGroup;
			children = (
				DC7AEE1A1F2F3877009BA72E /* Base */,
			);
			name = LaunchScreen.storyboard;
			sourceTree = "<group>";
		};
/* End PBXVariantGroup section */

/* Begin XCBuildConfiguration section */
		DC7AEE331F2F3877009BA72E /* Debug */ = {
			isa = XCBuildConfiguration;
			buildSettings = {
				ALWAYS_SEARCH_USER_PATHS = NO;
				CLANG_ANALYZER_NONNULL = YES;
				CLANG_ANALYZER_NUMBER_OBJECT_CONVERSION = YES_AGGRESSIVE;
				CLANG_CXX_LANGUAGE_STANDARD = "gnu++0x";
				CLANG_CXX_LIBRARY = "libc++";
				CLANG_ENABLE_MODULES = YES;
				CLANG_ENABLE_OBJC_ARC = YES;
				CLANG_WARN_BOOL_CONVERSION = YES;
				CLANG_WARN_CONSTANT_CONVERSION = YES;
				CLANG_WARN_DIRECT_OBJC_ISA_USAGE = YES_ERROR;
				CLANG_WARN_DOCUMENTATION_COMMENTS = YES;
				CLANG_WARN_EMPTY_BODY = YES;
				CLANG_WARN_ENUM_CONVERSION = YES;
				CLANG_WARN_INFINITE_RECURSION = YES;
				CLANG_WARN_INT_CONVERSION = YES;
				CLANG_WARN_OBJC_ROOT_CLASS = YES_ERROR;
				CLANG_WARN_SUSPICIOUS_MOVE = YES;
				CLANG_WARN_UNREACHABLE_CODE = YES;
				CLANG_WARN__DUPLICATE_METHOD_MATCH = YES;
				"CODE_SIGN_IDENTITY[sdk=iphoneos*]" = "iPhone Developer";
				COPY_PHASE_STRIP = NO;
				DEBUG_INFORMATION_FORMAT = dwarf;
				ENABLE_STRICT_OBJC_MSGSEND = YES;
				ENABLE_TESTABILITY = YES;
				GCC_C_LANGUAGE_STANDARD = gnu99;
				GCC_DYNAMIC_NO_PIC = NO;
				GCC_NO_COMMON_BLOCKS = YES;
				GCC_OPTIMIZATION_LEVEL = 0;
				GCC_PREPROCESSOR_DEFINITIONS = (
					"DEBUG=1",
					"$(inherited)",
				);
				GCC_WARN_64_TO_32_BIT_CONVERSION = YES;
				GCC_WARN_ABOUT_RETURN_TYPE = YES_ERROR;
				GCC_WARN_UNDECLARED_SELECTOR = YES;
				GCC_WARN_UNINITIALIZED_AUTOS = YES_AGGRESSIVE;
				GCC_WARN_UNUSED_FUNCTION = YES;
				GCC_WARN_UNUSED_VARIABLE = YES;
				IPHONEOS_DEPLOYMENT_TARGET = 10.3;
				MTL_ENABLE_DEBUG_INFO = YES;
				ONLY_ACTIVE_ARCH = YES;
				SDKROOT = iphoneos;
				SWIFT_ACTIVE_COMPILATION_CONDITIONS = DEBUG;
				SWIFT_OPTIMIZATION_LEVEL = "-Onone";
			};
			name = Debug;
		};
		DC7AEE341F2F3877009BA72E /* Release */ = {
			isa = XCBuildConfiguration;
			buildSettings = {
				ALWAYS_SEARCH_USER_PATHS = NO;
				CLANG_ANALYZER_NONNULL = YES;
				CLANG_ANALYZER_NUMBER_OBJECT_CONVERSION = YES_AGGRESSIVE;
				CLANG_CXX_LANGUAGE_STANDARD = "gnu++0x";
				CLANG_CXX_LIBRARY = "libc++";
				CLANG_ENABLE_MODULES = YES;
				CLANG_ENABLE_OBJC_ARC = YES;
				CLANG_WARN_BOOL_CONVERSION = YES;
				CLANG_WARN_CONSTANT_CONVERSION = YES;
				CLANG_WARN_DIRECT_OBJC_ISA_USAGE = YES_ERROR;
				CLANG_WARN_DOCUMENTATION_COMMENTS = YES;
				CLANG_WARN_EMPTY_BODY = YES;
				CLANG_WARN_ENUM_CONVERSION = YES;
				CLANG_WARN_INFINITE_RECURSION = YES;
				CLANG_WARN_INT_CONVERSION = YES;
				CLANG_WARN_OBJC_ROOT_CLASS = YES_ERROR;
				CLANG_WARN_SUSPICIOUS_MOVE = YES;
				CLANG_WARN_UNREACHABLE_CODE = YES;
				CLANG_WARN__DUPLICATE_METHOD_MATCH = YES;
				"CODE_SIGN_IDENTITY[sdk=iphoneos*]" = "iPhone Developer";
				COPY_PHASE_STRIP = NO;
				DEBUG_INFORMATION_FORMAT = "dwarf-with-dsym";
				ENABLE_NS_ASSERTIONS = NO;
				ENABLE_STRICT_OBJC_MSGSEND = YES;
				GCC_C_LANGUAGE_STANDARD = gnu99;
				GCC_NO_COMMON_BLOCKS = YES;
				GCC_WARN_64_TO_32_BIT_CONVERSION = YES;
				GCC_WARN_ABOUT_RETURN_TYPE = YES_ERROR;
				GCC_WARN_UNDECLARED_SELECTOR = YES;
				GCC_WARN_UNINITIALIZED_AUTOS = YES_AGGRESSIVE;
				GCC_WARN_UNUSED_FUNCTION = YES;
				GCC_WARN_UNUSED_VARIABLE = YES;
				IPHONEOS_DEPLOYMENT_TARGET = 10.3;
				MTL_ENABLE_DEBUG_INFO = NO;
				SDKROOT = iphoneos;
				SWIFT_OPTIMIZATION_LEVEL = "-Owholemodule";
				VALIDATE_PRODUCT = YES;
			};
			name = Release;
		};
		DC7AEE361F2F3877009BA72E /* Debug */ = {
			isa = XCBuildConfiguration;
			buildSettings = {
				ASSETCATALOG_COMPILER_APPICON_NAME = AppIcon;
				CLANG_ENABLE_MODULES = YES;
				INFOPLIST_FILE = SampleApp/Info.plist;
				LD_RUNPATH_SEARCH_PATHS = "$(inherited) @executable_path/Frameworks";
				PRODUCT_BUNDLE_IDENTIFIER = com.coiney.SampleApp;
				PRODUCT_NAME = "$(TARGET_NAME)";
				SWIFT_OBJC_BRIDGING_HEADER = "SampleApp/SampleApp-Bridging-Header.h";
				SWIFT_OPTIMIZATION_LEVEL = "-Onone";
				SWIFT_VERSION = 3.0;
			};
			name = Debug;
		};
		DC7AEE371F2F3877009BA72E /* Release */ = {
			isa = XCBuildConfiguration;
			buildSettings = {
				ASSETCATALOG_COMPILER_APPICON_NAME = AppIcon;
				CLANG_ENABLE_MODULES = YES;
				INFOPLIST_FILE = SampleApp/Info.plist;
				LD_RUNPATH_SEARCH_PATHS = "$(inherited) @executable_path/Frameworks";
				PRODUCT_BUNDLE_IDENTIFIER = com.coiney.SampleApp;
				PRODUCT_NAME = "$(TARGET_NAME)";
				SWIFT_OBJC_BRIDGING_HEADER = "SampleApp/SampleApp-Bridging-Header.h";
				SWIFT_VERSION = 3.0;
			};
			name = Release;
		};
		DC7AEE391F2F3877009BA72E /* Debug */ = {
			isa = XCBuildConfiguration;
			buildSettings = {
				ALWAYS_EMBED_SWIFT_STANDARD_LIBRARIES = YES;
				BUNDLE_LOADER = "$(TEST_HOST)";
				INFOPLIST_FILE = SampleAppTests/Info.plist;
				LD_RUNPATH_SEARCH_PATHS = "$(inherited) @executable_path/Frameworks @loader_path/Frameworks";
				PRODUCT_BUNDLE_IDENTIFIER = com.coiney.SampleAppTests;
				PRODUCT_NAME = "$(TARGET_NAME)";
				SWIFT_VERSION = 3.0;
				TEST_HOST = "$(BUILT_PRODUCTS_DIR)/SampleApp.app/SampleApp";
			};
			name = Debug;
		};
		DC7AEE3A1F2F3877009BA72E /* Release */ = {
			isa = XCBuildConfiguration;
			buildSettings = {
				ALWAYS_EMBED_SWIFT_STANDARD_LIBRARIES = YES;
				BUNDLE_LOADER = "$(TEST_HOST)";
				INFOPLIST_FILE = SampleAppTests/Info.plist;
				LD_RUNPATH_SEARCH_PATHS = "$(inherited) @executable_path/Frameworks @loader_path/Frameworks";
				PRODUCT_BUNDLE_IDENTIFIER = com.coiney.SampleAppTests;
				PRODUCT_NAME = "$(TARGET_NAME)";
				SWIFT_VERSION = 3.0;
				TEST_HOST = "$(BUILT_PRODUCTS_DIR)/SampleApp.app/SampleApp";
			};
			name = Release;
		};
		DC7AEE3C1F2F3877009BA72E /* Debug */ = {
			isa = XCBuildConfiguration;
			buildSettings = {
				ALWAYS_EMBED_SWIFT_STANDARD_LIBRARIES = YES;
				INFOPLIST_FILE = SampleAppUITests/Info.plist;
				LD_RUNPATH_SEARCH_PATHS = "$(inherited) @executable_path/Frameworks @loader_path/Frameworks";
				PRODUCT_BUNDLE_IDENTIFIER = com.coiney.SampleAppUITests;
				PRODUCT_NAME = "$(TARGET_NAME)";
				SWIFT_VERSION = 3.0;
				TEST_TARGET_NAME = SampleApp;
			};
			name = Debug;
		};
		DC7AEE3D1F2F3877009BA72E /* Release */ = {
			isa = XCBuildConfiguration;
			buildSettings = {
				ALWAYS_EMBED_SWIFT_STANDARD_LIBRARIES = YES;
				INFOPLIST_FILE = SampleAppUITests/Info.plist;
				LD_RUNPATH_SEARCH_PATHS = "$(inherited) @executable_path/Frameworks @loader_path/Frameworks";
				PRODUCT_BUNDLE_IDENTIFIER = com.coiney.SampleAppUITests;
				PRODUCT_NAME = "$(TARGET_NAME)";
				SWIFT_VERSION = 3.0;
				TEST_TARGET_NAME = SampleApp;
			};
			name = Release;
		};
/* End XCBuildConfiguration section */

/* Begin XCConfigurationList section */
		DC7AEE051F2F3876009BA72E /* Build configuration list for PBXProject "SampleApp" */ = {
			isa = XCConfigurationList;
			buildConfigurations = (
				DC7AEE331F2F3877009BA72E /* Debug */,
				DC7AEE341F2F3877009BA72E /* Release */,
			);
			defaultConfigurationIsVisible = 0;
			defaultConfigurationName = Release;
		};
		DC7AEE351F2F3877009BA72E /* Build configuration list for PBXNativeTarget "SampleApp" */ = {
			isa = XCConfigurationList;
			buildConfigurations = (
				DC7AEE361F2F3877009BA72E /* Debug */,
				DC7AEE371F2F3877009BA72E /* Release */,
			);
			defaultConfigurationIsVisible = 0;
			defaultConfigurationName = Release;
		};
		DC7AEE381F2F3877009BA72E /* Build configuration list for PBXNativeTarget "SampleAppTests" */ = {
			isa = XCConfigurationList;
			buildConfigurations = (
				DC7AEE391F2F3877009BA72E /* Debug */,
				DC7AEE3A1F2F3877009BA72E /* Release */,
			);
			defaultConfigurationIsVisible = 0;
			defaultConfigurationName = Release;
		};
		DC7AEE3B1F2F3877009BA72E /* Build configuration list for PBXNativeTarget "SampleAppUITests" */ = {
			isa = XCConfigurationList;
			buildConfigurations = (
				DC7AEE3C1F2F3877009BA72E /* Debug */,
				DC7AEE3D1F2F3877009BA72E /* Release */,
			);
			defaultConfigurationIsVisible = 0;
			defaultConfigurationName = Release;
		};
/* End XCConfigurationList section */
	};
	rootObject = DC7AEE021F2F3876009BA72E /* Project object */;
}
